Microsoft Visual Studio Solution File, Format Version 12.00
# Visual Studio 15
VisualStudioVersion = 15.0.27130.2024
MinimumVisualStudioVersion = 10.0.40219.1
Project("{8BC9CEB8-8B4A-11D0-8D11-00A0C91BC942}") = "WinPrivLibrary", "WinPrivLibrary\WinPrivLibrary.vcxproj", "{EEDFCE80-EA9C-4AC1-B97B-D72370FAD96F}"
	ProjectSection(ProjectDependencies) = postProject
		{582D212A-66B9-4E99-A7D3-36B1C249D637} = {582D212A-66B9-4E99-A7D3-36B1C249D637}
	EndProjectSection
EndProject
Project("{8BC9CEB8-8B4A-11D0-8D11-00A0C91BC942}") = "WinPriv", "WinPriv\WinPriv.vcxproj", "{C9CBD938-2A0F-4D91-81F4-94414751BFBE}"
	ProjectSection(ProjectDependencies) = postProject
		{582D212A-66B9-4E99-A7D3-36B1C249D637} = {582D212A-66B9-4E99-A7D3-36B1C249D637}
		{EEDFCE80-EA9C-4AC1-B97B-D72370FAD96F} = {EEDFCE80-EA9C-4AC1-B97B-D72370FAD96F}
	EndProjectSection
EndProject
Project("{8BC9CEB8-8B4A-11D0-8D11-00A0C91BC942}") = "WinPrivCmd", "WinPrivCmd\WinPrivCmd.vcxproj", "{B35AA3D9-40D7-479D-A407-FF3B21FABB0E}"
	ProjectSection(ProjectDependencies) = postProject
		{582D212A-66B9-4E99-A7D3-36B1C249D637} = {582D212A-66B9-4E99-A7D3-36B1C249D637}
		{EEDFCE80-EA9C-4AC1-B97B-D72370FAD96F} = {EEDFCE80-EA9C-4AC1-B97B-D72370FAD96F}
	EndProjectSection
EndProject
Project("{8BC9CEB8-8B4A-11D0-8D11-00A0C91BC942}") = "WinPrivShared", "WinPrivShared\WinPrivShared.vcxproj", "{582D212A-66B9-4E99-A7D3-36B1C249D637}"
EndProject
Project("{8BC9CEB8-8B4A-11D0-8D11-00A0C91BC942}") = "WinPrivHookImport", "Tests\Native\HookLoadingFixture\HookLoadingFixture.Import.vcxproj", "{6E08D994-1A74-4EA5-92C8-D0A6F80D8EE1}"
EndProject
Project("{8BC9CEB8-8B4A-11D0-8D11-00A0C91BC942}") = "WinPrivHookDelayLoad", "Tests\Native\HookLoadingFixture\HookLoadingFixture.DelayLoad.vcxproj", "{21A8A305-E39E-4B68-90A7-52328F8B50E4}"
EndProject
Project("{8BC9CEB8-8B4A-11D0-8D11-00A0C91BC942}") = "WinPrivHookDynamic", "Tests\Native\HookLoadingFixture\HookLoadingFixture.Dynamic.vcxproj", "{DDC59242-66AC-444B-96D8-0AE2D1057BA7}"
EndProject
Global
	GlobalSection(SolutionConfigurationPlatforms) = preSolution
		Debug|ARM64 = Debug|ARM64
		Debug|x64 = Debug|x64
		Debug|x86 = Debug|x86
		Release|ARM64 = Release|ARM64
		Release|x64 = Release|x64
		Release|x86 = Release|x86
	EndGlobalSection
	GlobalSection(ProjectConfigurationPlatforms) = postSolution
		{EEDFCE80-EA9C-4AC1-B97B-D72370FAD96F}.Debug|ARM64.ActiveCfg = Debug|ARM64
		{EEDFCE80-EA9C-4AC1-B97B-D72370FAD96F}.Debug|ARM64.Build.0 = Debug|ARM64
		{EEDFCE80-EA9C-4AC1-B97B-D72370FAD96F}.Debug|x64.ActiveCfg = Debug|x64
		{EEDFCE80-EA9C-4AC1-B97B-D72370FAD96F}.Debug|x64.Build.0 = Debug|x64
		{EEDFCE80-EA9C-4AC1-B97B-D72370FAD96F}.Debug|x86.ActiveCfg = Debug|Win32
		{EEDFCE80-EA9C-4AC1-B97B-D72370FAD96F}.Debug|x86.Build.0 = Debug|Win32
		{EEDFCE80-EA9C-4AC1-B97B-D72370FAD96F}.Release|ARM64.ActiveCfg = Release|ARM64
		{EEDFCE80-EA9C-4AC1-B97B-D72370FAD96F}.Release|ARM64.Build.0 = Release|ARM64
		{EEDFCE80-EA9C-4AC1-B97B-D72370FAD96F}.Release|x64.ActiveCfg = Release|x64
		{EEDFCE80-EA9C-4AC1-B97B-D72370FAD96F}.Release|x64.Build.0 = Release|x64
		{EEDFCE80-EA9C-4AC1-B97B-D72370FAD96F}.Release|x86.ActiveCfg = Release|Win32
		{EEDFCE80-EA9C-4AC1-B97B-D72370FAD96F}.Release|x86.Build.0 = Release|Win32
		{C9CBD938-2A0F-4D91-81F4-94414751BFBE}.Release|ARM64.ActiveCfg = Release|ARM64
		{C9CBD938-2A0F-4D91-81F4-94414751BFBE}.Release|ARM64.Build.0 = Release|ARM64
		{C9CBD938-2A0F-4D91-81F4-94414751BFBE}.Release|x64.ActiveCfg = Release|x64
		{C9CBD938-2A0F-4D91-81F4-94414751BFBE}.Release|x64.Build.0 = Release|x64
		{C9CBD938-2A0F-4D91-81F4-94414751BFBE}.Release|x86.ActiveCfg = Release|Win32
		{C9CBD938-2A0F-4D91-81F4-94414751BFBE}.Release|x86.Build.0 = Release|Win32
		{C9CBD938-2A0F-4D91-81F4-94414751BFBE}.Debug|ARM64.ActiveCfg = Debug|ARM64
		{C9CBD938-2A0F-4D91-81F4-94414751BFBE}.Debug|ARM64.Build.0 = Debug|ARM64
		{C9CBD938-2A0F-4D91-81F4-94414751BFBE}.Debug|x64.ActiveCfg = Debug|x64
		{C9CBD938-2A0F-4D91-81F4-94414751BFBE}.Debug|x64.Build.0 = Debug|x64
		{C9CBD938-2A0F-4D91-81F4-94414751BFBE}.Debug|x86.ActiveCfg = Debug|Win32
		{C9CBD938-2A0F-4D91-81F4-94414751BFBE}.Debug|x86.Build.0 = Debug|Win32
		{B35AA3D9-40D7-479D-A407-FF3B21FABB0E}.Release|ARM64.ActiveCfg = Release|ARM64
		{B35AA3D9-40D7-479D-A407-FF3B21FABB0E}.Release|ARM64.Build.0 = Release|ARM64
		{B35AA3D9-40D7-479D-A407-FF3B21FABB0E}.Release|x64.ActiveCfg = Release|x64
		{B35AA3D9-40D7-479D-A407-FF3B21FABB0E}.Release|x64.Build.0 = Release|x64
		{B35AA3D9-40D7-479D-A407-FF3B21FABB0E}.Release|x86.ActiveCfg = Release|Win32
		{B35AA3D9-40D7-479D-A407-FF3B21FABB0E}.Release|x86.Build.0 = Release|Win32
		{B35AA3D9-40D7-479D-A407-FF3B21FABB0E}.Debug|ARM64.ActiveCfg = Debug|ARM64
		{B35AA3D9-40D7-479D-A407-FF3B21FABB0E}.Debug|ARM64.Build.0 = Debug|ARM64
		{B35AA3D9-40D7-479D-A407-FF3B21FABB0E}.Debug|x64.ActiveCfg = Debug|x64
		{B35AA3D9-40D7-479D-A407-FF3B21FABB0E}.Debug|x64.Build.0 = Debug|x64
		{B35AA3D9-40D7-479D-A407-FF3B21FABB0E}.Debug|x86.ActiveCfg = Debug|Win32
		{B35AA3D9-40D7-479D-A407-FF3B21FABB0E}.Debug|x86.Build.0 = Debug|Win32
		{582D212A-66B9-4E99-A7D3-36B1C249D637}.Release|ARM64.ActiveCfg = Release|ARM64
		{582D212A-66B9-4E99-A7D3-36B1C249D637}.Release|ARM64.Build.0 = Release|ARM64
		{582D212A-66B9-4E99-A7D3-36B1C249D637}.Release|x64.ActiveCfg = Release|x64
		{582D212A-66B9-4E99-A7D3-36B1C249D637}.Release|x64.Build.0 = Release|x64
		{582D212A-66B9-4E99-A7D3-36B1C249D637}.Release|x86.ActiveCfg = Release|Win32
		{582D212A-66B9-4E99-A7D3-36B1C249D637}.Release|x86.Build.0 = Release|Win32
		{582D212A-66B9-4E99-A7D3-36B1C249D637}.Debug|ARM64.ActiveCfg = Debug|ARM64
		{582D212A-66B9-4E99-A7D3-36B1C249D637}.Debug|ARM64.Build.0 = Debug|ARM64
		{582D212A-66B9-4E99-A7D3-36B1C249D637}.Debug|x64.ActiveCfg = Debug|x64
		{582D212A-66B9-4E99-A7D3-36B1C249D637}.Debug|x64.Build.0 = Debug|x64
		{582D212A-66B9-4E99-A7D3-36B1C249D637}.Debug|x86.ActiveCfg = Debug|Win32
		{582D212A-66B9-4E99-A7D3-36B1C249D637}.Debug|x86.Build.0 = Debug|Win32
		{6E08D994-1A74-4EA5-92C8-D0A6F80D8EE1}.Debug|ARM64.ActiveCfg = Debug|ARM64
		{6E08D994-1A74-4EA5-92C8-D0A6F80D8EE1}.Debug|ARM64.Build.0 = Debug|ARM64
		{6E08D994-1A74-4EA5-92C8-D0A6F80D8EE1}.Debug|x64.ActiveCfg = Debug|x64
		{6E08D994-1A74-4EA5-92C8-D0A6F80D8EE1}.Debug|x64.Build.0 = Debug|x64
		{6E08D994-1A74-4EA5-92C8-D0A6F80D8EE1}.Debug|x86.ActiveCfg = Debug|Win32
		{6E08D994-1A74-4EA5-92C8-D0A6F80D8EE1}.Debug|x86.Build.0 = Debug|Win32
		{6E08D994-1A74-4EA5-92C8-D0A6F80D8EE1}.Release|ARM64.ActiveCfg = Release|ARM64
		{6E08D994-1A74-4EA5-92C8-D0A6F80D8EE1}.Release|ARM64.Build.0 = Release|ARM64
		{6E08D994-1A74-4EA5-92C8-D0A6F80D8EE1}.Release|x64.ActiveCfg = Release|x64
		{6E08D994-1A74-4EA5-92C8-D0A6F80D8EE1}.Release|x64.Build.0 = Release|x64
		{6E08D994-1A74-4EA5-92C8-D0A6F80D8EE1}.Release|x86.ActiveCfg = Release|Win32
		{6E08D994-1A74-4EA5-92C8-D0A6F80D8EE1}.Release|x86.Build.0 = Release|Win32
		{21A8A305-E39E-4B68-90A7-52328F8B50E4}.Debug|ARM64.ActiveCfg = Debug|ARM64
		{21A8A305-E39E-4B68-90A7-52328F8B50E4}.Debug|ARM64.Build.0 = Debug|ARM64
		{21A8A305-E39E-4B68-90A7-52328F8B50E4}.Debug|x64.ActiveCfg = Debug|x64
		{21A8A305-E39E-4B68-90A7-52328F8B50E4}.Debug|x64.Build.0 = Debug|x64
		{21A8A305-E39E-4B68-90A7-52328F8B50E4}.Debug|x86.ActiveCfg = Debug|Win32
		{21A8A305-E39E-4B68-90A7-52328F8B50E4}.Debug|x86.Build.0 = Debug|Win32
		{21A8A305-E39E-4B68-90A7-52328F8B50E4}.Release|ARM64.ActiveCfg = Release|ARM64
		{21A8A305-E39E-4B68-90A7-52328F8B50E4}.Release|ARM64.Build.0 = Release|ARM64
		{21A8A305-E39E-4B68-90A7-52328F8B50E4}.Release|x64.ActiveCfg = Release|x64
		{21A8A305-E39E-4B68-90A7-52328F8B50E4}.Release|x64.Build.0 = Release|x64
		{21A8A305-E39E-4B68-90A7-52328F8B50E4}.Release|x86.ActiveCfg = Release|Win32
		{21A8A305-E39E-4B68-90A7-52328F8B50E4}.Release|x86.Build.0 = Release|Win32
		{DDC59242-66AC-444B-96D8-0AE2D1057BA7}.Debug|ARM64.ActiveCfg = Debug|ARM64
		{DDC59242-66AC-444B-96D8-0AE2D1057BA7}.Debug|ARM64.Build.0 = Debug|ARM64
		{DDC59242-66AC-444B-96D8-0AE2D1057BA7}.Debug|x64.ActiveCfg = Debug|x64
		{DDC59242-66AC-444B-96D8-0AE2D1057BA7}.Debug|x64.Build.0 = Debug|x64
		{DDC59242-66AC-444B-96D8-0AE2D1057BA7}.Debug|x86.ActiveCfg = Debug|Win32
		{DDC59242-66AC-444B-96D8-0AE2D1057BA7}.Debug|x86.Build.0 = Debug|Win32
		{DDC59242-66AC-444B-96D8-0AE2D1057BA7}.Release|ARM64.ActiveCfg = Release|ARM64
		{DDC59242-66AC-444B-96D8-0AE2D1057BA7}.Release|ARM64.Build.0 = Release|ARM64
		{DDC59242-66AC-444B-96D8-0AE2D1057BA7}.Release|x64.ActiveCfg = Release|x64
		{DDC59242-66AC-444B-96D8-0AE2D1057BA7}.Release|x64.Build.0 = Release|x64
		{DDC59242-66AC-444B-96D8-0AE2D1057BA7}.Release|x86.ActiveCfg = Release|Win32
		{DDC59242-66AC-444B-96D8-0AE2D1057BA7}.Release|x86.Build.0 = Release|Win32
	EndGlobalSection
	GlobalSection(SolutionProperties) = preSolution
		HideSolutionNode = FALSE
	EndGlobalSection
	GlobalSection(ExtensibilityGlobals) = postSolution
		SolutionGuid = {423A1C03-448E-434B-9FE7-3D89AB57ED9C}
	EndGlobalSection
EndGlobal
